// !$*UTF8*$!
{
	archiveVersion = 1;
	classes = {
	};
	objectVersion = 56;
	objects = {

/* Begin PBXBuildFile section */
		5C2C0D912E9DF23A00BB3BCC /* CullTokenData.sh in Resources */ = {isa = PBXBuildFile; fileRef = 5C2C0D7D2E9DF23A00BB3BCC /* CullTokenData.sh */; };
		5C2C0D922E9DF23A00BB3BCC /* soldier.jpg in Resources */ = {isa = PBXBuildFile; fileRef = 5C2C0D862E9DF23A00BB3BCC /* soldier.jpg */; };
		5C2C0D932E9DF23A00BB3BCC /* Assets.xcassets in Resources */ = {isa = PBXBuildFile; fileRef = 5C2C0D782E9DF23A00BB3BCC /* Assets.xcassets */; };
		5C2C0D942E9DF23A00BB3BCC /* Preview Assets.xcassets in Resources */ = {isa = PBXBuildFile; fileRef = 5C2C0D752E9DF23A00BB3BCC /* Preview Assets.xcassets */; };
		5C2C0D952E9DF23A00BB3BCC /* TokenLookup.json in Resources */ = {isa = PBXBuildFile; fileRef = 5C2C0D8B2E9DF23A00BB3BCC /* TokenLookup.json */; };
		5C2C0D962E9DF23A00BB3BCC /* TokenDatabase.json in Resources */ = {isa = PBXBuildFile; fileRef = 5C2C0D882E9DF23A00BB3BCC /* TokenDatabase.json */; };
		5C2C0D972E9DF23A00BB3BCC /* MultiplierView.swift in Sources */ = {isa = PBXBuildFile; fileRef = 5C2C0D842E9DF23A00BB3BCC /* MultiplierView.swift */; };
		5C2C0D982E9DF23A00BB3BCC /* TokenDatabase.swift in Sources */ = {isa = PBXBuildFile; fileRef = 5C2C0D892E9DF23A00BB3BCC /* TokenDatabase.swift */; };
		5C2C0D992E9DF23A00BB3BCC /* Deck.swift in Sources */ = {isa = PBXBuildFile; fileRef = 5C2C0D7E2E9DF23A00BB3BCC /* Deck.swift */; };
		5C2C0D9A2E9DF23A00BB3BCC /* Item.swift in Sources */ = {isa = PBXBuildFile; fileRef = 5C2C0D822E9DF23A00BB3BCC /* Item.swift */; };
		5C2C0D9B2E9DF23A00BB3BCC /* NewTokenSheet.swift in Sources */ = {isa = PBXBuildFile; fileRef = 5C2C0D852E9DF23A00BB3BCC /* NewTokenSheet.swift */; };
		5C2C0D9C2E9DF23A00BB3BCC /* ExpandedTokenView.swift in Sources */ = {isa = PBXBuildFile; fileRef = 5C2C0D812E9DF23A00BB3BCC /* ExpandedTokenView.swift */; };
		5C2C0D9D2E9DF23A00BB3BCC /* TokenSearchRow.swift in Sources */ = {isa = PBXBuildFile; fileRef = 5C2C0D8C2E9DF23A00BB3BCC /* TokenSearchRow.swift */; };
		5C2C0D9E2E9DF23A00BB3BCC /* TokenView.swift in Sources */ = {isa = PBXBuildFile; fileRef = 5C2C0D8E2E9DF23A00BB3BCC /* TokenView.swift */; };
		5C2C0D9F2E9DF23A00BB3BCC /* UtilityTokenView.swift in Sources */ = {isa = PBXBuildFile; fileRef = 5C2C0D8F2E9DF23A00BB3BCC /* UtilityTokenView.swift */; };
		5C2C0DA02E9DF23A00BB3BCC /* AboutView.swift in Sources */ = {isa = PBXBuildFile; fileRef = 5C2C0D772E9DF23A00BB3BCC /* AboutView.swift */; };
		5C2C0DA12E9DF23A00BB3BCC /* CounterSearchView.swift in Sources */ = {isa = PBXBuildFile; fileRef = 5C2C0D7C2E9DF23A00BB3BCC /* CounterSearchView.swift */; };
		5C2C0DA22E9DF23A00BB3BCC /* CounterDatabase.swift in Sources */ = {isa = PBXBuildFile; fileRef = 5C2C0D7B2E9DF23A00BB3BCC /* CounterDatabase.swift */; };
		5C2C0DA32E9DF23A00BB3BCC /* LoadDeckSheet.swift in Sources */ = {isa = PBXBuildFile; fileRef = 5C2C0D832E9DF23A00BB3BCC /* LoadDeckSheet.swift */; };
		5C2C0DA42E9DF23A00BB3BCC /* Counter.swift in Sources */ = {isa = PBXBuildFile; fileRef = 5C2C0D7A2E9DF23A00BB3BCC /* Counter.swift */; };
		5C2C0DA52E9DF23A00BB3BCC /* ContentView.swift in Sources */ = {isa = PBXBuildFile; fileRef = 5C2C0D792E9DF23A00BB3BCC /* ContentView.swift */; };
		5C2C0DA62E9DF23A00BB3BCC /* Doubling_SeasonApp.swift in Sources */ = {isa = PBXBuildFile; fileRef = 5C2C0D802E9DF23A00BB3BCC /* Doubling_SeasonApp.swift */; };
		5C2C0DA72E9DF23A00BB3BCC /* TokenDefinition.swift in Sources */ = {isa = PBXBuildFile; fileRef = 5C2C0D8A2E9DF23A00BB3BCC /* TokenDefinition.swift */; };
		5C2C0DA82E9DF23A00BB3BCC /* TokenSearchView.swift in Sources */ = {isa = PBXBuildFile; fileRef = 5C2C0D8D2E9DF23A00BB3BCC /* TokenSearchView.swift */; };
		5C2C0DA92E9DF23A00BB3BCC /* SplitStackView.swift in Sources */ = {isa = PBXBuildFile; fileRef = 5C2C0D872E9DF23A00BB3BCC /* SplitStackView.swift */; };
		5C2C0DAC2E9F1DDE00BB3BCC /* SummoningSicknessSettings.swift in Sources */ = {isa = PBXBuildFile; fileRef = 5C2C0DAB2E9F1DDE00BB3BCC /* SummoningSicknessSettings.swift */; };
		CBBCDA8E2C0FA491000ED260 /* Doubling_SeasonTests.swift in Sources */ = {isa = PBXBuildFile; fileRef = CBBCDA8D2C0FA491000ED260 /* Doubling_SeasonTests.swift */; };
		CBBCDA982C0FA491000ED260 /* Doubling_SeasonUITests.swift in Sources */ = {isa = PBXBuildFile; fileRef = CBBCDA972C0FA491000ED260 /* Doubling_SeasonUITests.swift */; };
		CBBCDA9A2C0FA491000ED260 /* Doubling_SeasonUITestsLaunchTests.swift in Sources */ = {isa = PBXBuildFile; fileRef = CBBCDA992C0FA491000ED260 /* Doubling_SeasonUITestsLaunchTests.swift */; };
/* End PBXBuildFile section */

/* Begin PBXContainerItemProxy section */
		CBBCDA8A2C0FA491000ED260 /* PBXContainerItemProxy */ = {
			isa = PBXContainerItemProxy;
			containerPortal = CBBCDA6E2C0FA48F000ED260 /* Project object */;
			proxyType = 1;
			remoteGlobalIDString = CBBCDA752C0FA48F000ED260;
			remoteInfo = "Doubling Season";
		};
		CBBCDA942C0FA491000ED260 /* PBXContainerItemProxy */ = {
			isa = PBXContainerItemProxy;
			containerPortal = CBBCDA6E2C0FA48F000ED260 /* Project object */;
			proxyType = 1;
			remoteGlobalIDString = CBBCDA752C0FA48F000ED260;
			remoteInfo = "Doubling Season";
		};
/* End PBXContainerItemProxy section */

/* Begin PBXFileReference section */
		5C2C0D752E9DF23A00BB3BCC /* Preview Assets.xcassets */ = {isa = PBXFileReference; lastKnownFileType = folder.assetcatalog; path = "Preview Assets.xcassets"; sourceTree = "<group>"; };
		5C2C0D772E9DF23A00BB3BCC /* AboutView.swift */ = {isa = PBXFileReference; lastKnownFileType = sourcecode.swift; path = AboutView.swift; sourceTree = "<group>"; };
		5C2C0D782E9DF23A00BB3BCC /* Assets.xcassets */ = {isa = PBXFileReference; lastKnownFileType = folder.assetcatalog; path = Assets.xcassets; sourceTree = "<group>"; };
		5C2C0D792E9DF23A00BB3BCC /* ContentView.swift */ = {isa = PBXFileReference; lastKnownFileType = sourcecode.swift; path = ContentView.swift; sourceTree = "<group>"; };
		5C2C0D7A2E9DF23A00BB3BCC /* Counter.swift */ = {isa = PBXFileReference; lastKnownFileType = sourcecode.swift; path = Counter.swift; sourceTree = "<group>"; };
		5C2C0D7B2E9DF23A00BB3BCC /* CounterDatabase.swift */ = {isa = PBXFileReference; lastKnownFileType = sourcecode.swift; path = CounterDatabase.swift; sourceTree = "<group>"; };
		5C2C0D7C2E9DF23A00BB3BCC /* CounterSearchView.swift */ = {isa = PBXFileReference; lastKnownFileType = sourcecode.swift; path = CounterSearchView.swift; sourceTree = "<group>"; };
		5C2C0D7D2E9DF23A00BB3BCC /* CullTokenData.sh */ = {isa = PBXFileReference; lastKnownFileType = text.script.sh; path = CullTokenData.sh; sourceTree = "<group>"; };
		5C2C0D7E2E9DF23A00BB3BCC /* Deck.swift */ = {isa = PBXFileReference; lastKnownFileType = sourcecode.swift; path = Deck.swift; sourceTree = "<group>"; };
		5C2C0D7F2E9DF23A00BB3BCC /* Doubling_Season.entitlements */ = {isa = PBXFileReference; lastKnownFileType = text.plist.entitlements; path = Doubling_Season.entitlements; sourceTree = "<group>"; };
		5C2C0D802E9DF23A00BB3BCC /* Doubling_SeasonApp.swift */ = {isa = PBXFileReference; lastKnownFileType = sourcecode.swift; path = Doubling_SeasonApp.swift; sourceTree = "<group>"; };
		5C2C0D812E9DF23A00BB3BCC /* ExpandedTokenView.swift */ = {isa = PBXFileReference; lastKnownFileType = sourcecode.swift; path = ExpandedTokenView.swift; sourceTree = "<group>"; };
		5C2C0D822E9DF23A00BB3BCC /* Item.swift */ = {isa = PBXFileReference; lastKnownFileType = sourcecode.swift; path = Item.swift; sourceTree = "<group>"; };
		5C2C0D832E9DF23A00BB3BCC /* LoadDeckSheet.swift */ = {isa = PBXFileReference; lastKnownFileType = sourcecode.swift; path = LoadDeckSheet.swift; sourceTree = "<group>"; };
		5C2C0D842E9DF23A00BB3BCC /* MultiplierView.swift */ = {isa = PBXFileReference; lastKnownFileType = sourcecode.swift; path = MultiplierView.swift; sourceTree = "<group>"; };
		5C2C0D852E9DF23A00BB3BCC /* NewTokenSheet.swift */ = {isa = PBXFileReference; lastKnownFileType = sourcecode.swift; path = NewTokenSheet.swift; sourceTree = "<group>"; };
		5C2C0D862E9DF23A00BB3BCC /* soldier.jpg */ = {isa = PBXFileReference; lastKnownFileType = image.jpeg; path = soldier.jpg; sourceTree = "<group>"; };
		5C2C0D872E9DF23A00BB3BCC /* SplitStackView.swift */ = {isa = PBXFileReference; lastKnownFileType = sourcecode.swift; path = SplitStackView.swift; sourceTree = "<group>"; };
		5C2C0D882E9DF23A00BB3BCC /* TokenDatabase.json */ = {isa = PBXFileReference; lastKnownFileType = text.json; path = TokenDatabase.json; sourceTree = "<group>"; };
		5C2C0D892E9DF23A00BB3BCC /* TokenDatabase.swift */ = {isa = PBXFileReference; lastKnownFileType = sourcecode.swift; path = TokenDatabase.swift; sourceTree = "<group>"; };
		5C2C0D8A2E9DF23A00BB3BCC /* TokenDefinition.swift */ = {isa = PBXFileReference; lastKnownFileType = sourcecode.swift; path = TokenDefinition.swift; sourceTree = "<group>"; };
		5C2C0D8B2E9DF23A00BB3BCC /* TokenLookup.json */ = {isa = PBXFileReference; lastKnownFileType = text.json; path = TokenLookup.json; sourceTree = "<group>"; };
		5C2C0D8C2E9DF23A00BB3BCC /* TokenSearchRow.swift */ = {isa = PBXFileReference; lastKnownFileType = sourcecode.swift; path = TokenSearchRow.swift; sourceTree = "<group>"; };
		5C2C0D8D2E9DF23A00BB3BCC /* TokenSearchView.swift */ = {isa = PBXFileReference; lastKnownFileType = sourcecode.swift; path = TokenSearchView.swift; sourceTree = "<group>"; };
		5C2C0D8E2E9DF23A00BB3BCC /* TokenView.swift */ = {isa = PBXFileReference; lastKnownFileType = sourcecode.swift; path = TokenView.swift; sourceTree = "<group>"; };
		5C2C0D8F2E9DF23A00BB3BCC /* UtilityTokenView.swift */ = {isa = PBXFileReference; lastKnownFileType = sourcecode.swift; path = UtilityTokenView.swift; sourceTree = "<group>"; };
		5C2C0DAB2E9F1DDE00BB3BCC /* SummoningSicknessSettings.swift */ = {isa = PBXFileReference; lastKnownFileType = sourcecode.swift; path = SummoningSicknessSettings.swift; sourceTree = "<group>"; };
		CBBCDA762C0FA48F000ED260 /* Doubling Season.app */ = {isa = PBXFileReference; explicitFileType = wrapper.application; includeInIndex = 0; path = "Doubling Season.app"; sourceTree = BUILT_PRODUCTS_DIR; };
		CBBCDA892C0FA491000ED260 /* Doubling SeasonTests.xctest */ = {isa = PBXFileReference; explicitFileType = wrapper.cfbundle; includeInIndex = 0; path = "Doubling SeasonTests.xctest"; sourceTree = BUILT_PRODUCTS_DIR; };
		CBBCDA8D2C0FA491000ED260 /* Doubling_SeasonTests.swift */ = {isa = PBXFileReference; lastKnownFileType = sourcecode.swift; path = Doubling_SeasonTests.swift; sourceTree = "<group>"; };
		CBBCDA932C0FA491000ED260 /* Doubling SeasonUITests.xctest */ = {isa = PBXFileReference; explicitFileType = wrapper.cfbundle; includeInIndex = 0; path = "Doubling SeasonUITests.xctest"; sourceTree = BUILT_PRODUCTS_DIR; };
		CBBCDA972C0FA491000ED260 /* Doubling_SeasonUITests.swift */ = {isa = PBXFileReference; lastKnownFileType = sourcecode.swift; path = Doubling_SeasonUITests.swift; sourceTree = "<group>"; };
		CBBCDA992C0FA491000ED260 /* Doubling_SeasonUITestsLaunchTests.swift */ = {isa = PBXFileReference; lastKnownFileType = sourcecode.swift; path = Doubling_SeasonUITestsLaunchTests.swift; sourceTree = "<group>"; };
		CBC1E2F32C1B4B3100F080CD /* Improvements.md */ = {isa = PBXFileReference; lastKnownFileType = net.daringfireball.markdown; path = Improvements.md; sourceTree = "<group>"; };
/* End PBXFileReference section */

/* Begin PBXFrameworksBuildPhase section */
		CBBCDA732C0FA48F000ED260 /* Frameworks */ = {
			isa = PBXFrameworksBuildPhase;
			buildActionMask = 2147483647;
			files = (
			);
			runOnlyForDeploymentPostprocessing = 0;
		};
		CBBCDA862C0FA491000ED260 /* Frameworks */ = {
			isa = PBXFrameworksBuildPhase;
			buildActionMask = 2147483647;
			files = (
			);
			runOnlyForDeploymentPostprocessing = 0;
		};
		CBBCDA902C0FA491000ED260 /* Frameworks */ = {
			isa = PBXFrameworksBuildPhase;
			buildActionMask = 2147483647;
			files = (
			);
			runOnlyForDeploymentPostprocessing = 0;
		};
/* End PBXFrameworksBuildPhase section */

/* Begin PBXGroup section */
		5C2C0D762E9DF23A00BB3BCC /* Preview Content */ = {
			isa = PBXGroup;
			children = (
				5C2C0D752E9DF23A00BB3BCC /* Preview Assets.xcassets */,
			);
			path = "Preview Content";
			sourceTree = "<group>";
		};
		5C2C0D902E9DF23A00BB3BCC /* Doubling Season */ = {
			isa = PBXGroup;
			children = (
				5C2C0DAB2E9F1DDE00BB3BCC /* SummoningSicknessSettings.swift */,
				5C2C0D762E9DF23A00BB3BCC /* Preview Content */,
				5C2C0D772E9DF23A00BB3BCC /* AboutView.swift */,
				5C2C0D782E9DF23A00BB3BCC /* Assets.xcassets */,
				5C2C0D792E9DF23A00BB3BCC /* ContentView.swift */,
				5C2C0D7A2E9DF23A00BB3BCC /* Counter.swift */,
				5C2C0D7B2E9DF23A00BB3BCC /* CounterDatabase.swift */,
				5C2C0D7C2E9DF23A00BB3BCC /* CounterSearchView.swift */,
				5C2C0D7D2E9DF23A00BB3BCC /* CullTokenData.sh */,
				5C2C0D7E2E9DF23A00BB3BCC /* Deck.swift */,
				5C2C0D7F2E9DF23A00BB3BCC /* Doubling_Season.entitlements */,
				5C2C0D802E9DF23A00BB3BCC /* Doubling_SeasonApp.swift */,
				5C2C0D812E9DF23A00BB3BCC /* ExpandedTokenView.swift */,
				5C2C0D822E9DF23A00BB3BCC /* Item.swift */,
				5C2C0D832E9DF23A00BB3BCC /* LoadDeckSheet.swift */,
				5C2C0D842E9DF23A00BB3BCC /* MultiplierView.swift */,
				5C2C0D852E9DF23A00BB3BCC /* NewTokenSheet.swift */,
				5C2C0D862E9DF23A00BB3BCC /* soldier.jpg */,
				5C2C0D872E9DF23A00BB3BCC /* SplitStackView.swift */,
				5C2C0D882E9DF23A00BB3BCC /* TokenDatabase.json */,
				5C2C0D892E9DF23A00BB3BCC /* TokenDatabase.swift */,
				5C2C0D8A2E9DF23A00BB3BCC /* TokenDefinition.swift */,
				5C2C0D8B2E9DF23A00BB3BCC /* TokenLookup.json */,
				5C2C0D8C2E9DF23A00BB3BCC /* TokenSearchRow.swift */,
				5C2C0D8D2E9DF23A00BB3BCC /* TokenSearchView.swift */,
				5C2C0D8E2E9DF23A00BB3BCC /* TokenView.swift */,
				5C2C0D8F2E9DF23A00BB3BCC /* UtilityTokenView.swift */,
			);
			path = "Doubling Season";
			sourceTree = "<group>";
		};
		CBBCDA6D2C0FA48F000ED260 = {
			isa = PBXGroup;
			children = (
				CBC1E2F32C1B4B3100F080CD /* Improvements.md */,
				CBBCDA8C2C0FA491000ED260 /* Doubling SeasonTests */,
				CBBCDA962C0FA491000ED260 /* Doubling SeasonUITests */,
				CBBCDA772C0FA48F000ED260 /* Products */,
				5C2C0D902E9DF23A00BB3BCC /* Doubling Season */,
			);
			sourceTree = "<group>";
		};
		CBBCDA772C0FA48F000ED260 /* Products */ = {
			isa = PBXGroup;
			children = (
				CBBCDA762C0FA48F000ED260 /* Doubling Season.app */,
				CBBCDA892C0FA491000ED260 /* Doubling SeasonTests.xctest */,
				CBBCDA932C0FA491000ED260 /* Doubling SeasonUITests.xctest */,
			);
			name = Products;
			sourceTree = "<group>";
		};
		CBBCDA8C2C0FA491000ED260 /* Doubling SeasonTests */ = {
			isa = PBXGroup;
			children = (
				CBBCDA8D2C0FA491000ED260 /* Doubling_SeasonTests.swift */,
			);
			path = "Doubling SeasonTests";
			sourceTree = "<group>";
		};
		CBBCDA962C0FA491000ED260 /* Doubling SeasonUITests */ = {
			isa = PBXGroup;
			children = (
				CBBCDA972C0FA491000ED260 /* Doubling_SeasonUITests.swift */,
				CBBCDA992C0FA491000ED260 /* Doubling_SeasonUITestsLaunchTests.swift */,
			);
			path = "Doubling SeasonUITests";
			sourceTree = "<group>";
		};
/* End PBXGroup section */

/* Begin PBXNativeTarget section */
		CBBCDA752C0FA48F000ED260 /* Doubling Season */ = {
			isa = PBXNativeTarget;
			buildConfigurationList = CBBCDA9D2C0FA491000ED260 /* Build configuration list for PBXNativeTarget "Doubling Season" */;
			buildPhases = (
				CBBCDA722C0FA48F000ED260 /* Sources */,
				CBBCDA732C0FA48F000ED260 /* Frameworks */,
				CBBCDA742C0FA48F000ED260 /* Resources */,
			);
			buildRules = (
			);
			dependencies = (
			);
			name = "Doubling Season";
			productName = "Doubling Season";
			productReference = CBBCDA762C0FA48F000ED260 /* Doubling Season.app */;
			productType = "com.apple.product-type.application";
		};
		CBBCDA882C0FA491000ED260 /* Doubling SeasonTests */ = {
			isa = PBXNativeTarget;
			buildConfigurationList = CBBCDAA02C0FA491000ED260 /* Build configuration list for PBXNativeTarget "Doubling SeasonTests" */;
			buildPhases = (
				CBBCDA852C0FA491000ED260 /* Sources */,
				CBBCDA862C0FA491000ED260 /* Frameworks */,
				CBBCDA872C0FA491000ED260 /* Resources */,
			);
			buildRules = (
			);
			dependencies = (
				CBBCDA8B2C0FA491000ED260 /* PBXTargetDependency */,
			);
			name = "Doubling SeasonTests";
			productName = "Doubling SeasonTests";
			productReference = CBBCDA892C0FA491000ED260 /* Doubling SeasonTests.xctest */;
			productType = "com.apple.product-type.bundle.unit-test";
		};
		CBBCDA922C0FA491000ED260 /* Doubling SeasonUITests */ = {
			isa = PBXNativeTarget;
			buildConfigurationList = CBBCDAA32C0FA491000ED260 /* Build configuration list for PBXNativeTarget "Doubling SeasonUITests" */;
			buildPhases = (
				CBBCDA8F2C0FA491000ED260 /* Sources */,
				CBBCDA902C0FA491000ED260 /* Frameworks */,
				CBBCDA912C0FA491000ED260 /* Resources */,
			);
			buildRules = (
			);
			dependencies = (
				CBBCDA952C0FA491000ED260 /* PBXTargetDependency */,
			);
			name = "Doubling SeasonUITests";
			productName = "Doubling SeasonUITests";
			productReference = CBBCDA932C0FA491000ED260 /* Doubling SeasonUITests.xctest */;
			productType = "com.apple.product-type.bundle.ui-testing";
		};
/* End PBXNativeTarget section */

/* Begin PBXProject section */
		CBBCDA6E2C0FA48F000ED260 /* Project object */ = {
			isa = PBXProject;
			attributes = {
				BuildIndependentTargetsInParallel = 1;
				LastSwiftUpdateCheck = 1520;
				LastUpgradeCheck = 2600;
				TargetAttributes = {
					CBBCDA752C0FA48F000ED260 = {
						CreatedOnToolsVersion = 15.2;
					};
					CBBCDA882C0FA491000ED260 = {
						CreatedOnToolsVersion = 15.2;
						TestTargetID = CBBCDA752C0FA48F000ED260;
					};
					CBBCDA922C0FA491000ED260 = {
						CreatedOnToolsVersion = 15.2;
						TestTargetID = CBBCDA752C0FA48F000ED260;
					};
				};
			};
			buildConfigurationList = CBBCDA712C0FA48F000ED260 /* Build configuration list for PBXProject "Doubling Season" */;
			compatibilityVersion = "Xcode 14.0";
			developmentRegion = en;
			hasScannedForEncodings = 0;
			knownRegions = (
				en,
				Base,
			);
			mainGroup = CBBCDA6D2C0FA48F000ED260;
			productRefGroup = CBBCDA772C0FA48F000ED260 /* Products */;
			projectDirPath = "";
			projectRoot = "";
			targets = (
				CBBCDA752C0FA48F000ED260 /* Doubling Season */,
				CBBCDA882C0FA491000ED260 /* Doubling SeasonTests */,
				CBBCDA922C0FA491000ED260 /* Doubling SeasonUITests */,
			);
		};
/* End PBXProject section */

/* Begin PBXResourcesBuildPhase section */
		CBBCDA742C0FA48F000ED260 /* Resources */ = {
			isa = PBXResourcesBuildPhase;
			buildActionMask = 2147483647;
			files = (
				5C2C0D912E9DF23A00BB3BCC /* CullTokenData.sh in Resources */,
				5C2C0D922E9DF23A00BB3BCC /* soldier.jpg in Resources */,
				5C2C0D932E9DF23A00BB3BCC /* Assets.xcassets in Resources */,
				5C2C0D942E9DF23A00BB3BCC /* Preview Assets.xcassets in Resources */,
				5C2C0D952E9DF23A00BB3BCC /* TokenLookup.json in Resources */,
				5C2C0D962E9DF23A00BB3BCC /* TokenDatabase.json in Resources */,
			);
			runOnlyForDeploymentPostprocessing = 0;
		};
		CBBCDA872C0FA491000ED260 /* Resources */ = {
			isa = PBXResourcesBuildPhase;
			buildActionMask = 2147483647;
			files = (
			);
			runOnlyForDeploymentPostprocessing = 0;
		};
		CBBCDA912C0FA491000ED260 /* Resources */ = {
			isa = PBXResourcesBuildPhase;
			buildActionMask = 2147483647;
			files = (
			);
			runOnlyForDeploymentPostprocessing = 0;
		};
/* End PBXResourcesBuildPhase section */

/* Begin PBXSourcesBuildPhase section */
		CBBCDA722C0FA48F000ED260 /* Sources */ = {
			isa = PBXSourcesBuildPhase;
			buildActionMask = 2147483647;
			files = (
				5C2C0D972E9DF23A00BB3BCC /* MultiplierView.swift in Sources */,
				5C2C0D982E9DF23A00BB3BCC /* TokenDatabase.swift in Sources */,
				5C2C0D992E9DF23A00BB3BCC /* Deck.swift in Sources */,
				5C2C0D9A2E9DF23A00BB3BCC /* Item.swift in Sources */,
				5C2C0D9B2E9DF23A00BB3BCC /* NewTokenSheet.swift in Sources */,
				5C2C0D9C2E9DF23A00BB3BCC /* ExpandedTokenView.swift in Sources */,
				5C2C0D9D2E9DF23A00BB3BCC /* TokenSearchRow.swift in Sources */,
				5C2C0D9E2E9DF23A00BB3BCC /* TokenView.swift in Sources */,
				5C2C0D9F2E9DF23A00BB3BCC /* UtilityTokenView.swift in Sources */,
				5C2C0DA02E9DF23A00BB3BCC /* AboutView.swift in Sources */,
				5C2C0DA12E9DF23A00BB3BCC /* CounterSearchView.swift in Sources */,
				5C2C0DAC2E9F1DDE00BB3BCC /* SummoningSicknessSettings.swift in Sources */,
				5C2C0DA22E9DF23A00BB3BCC /* CounterDatabase.swift in Sources */,
				5C2C0DA32E9DF23A00BB3BCC /* LoadDeckSheet.swift in Sources */,
				5C2C0DA42E9DF23A00BB3BCC /* Counter.swift in Sources */,
				5C2C0DA52E9DF23A00BB3BCC /* ContentView.swift in Sources */,
				5C2C0DA62E9DF23A00BB3BCC /* Doubling_SeasonApp.swift in Sources */,
				5C2C0DA72E9DF23A00BB3BCC /* TokenDefinition.swift in Sources */,
				5C2C0DA82E9DF23A00BB3BCC /* TokenSearchView.swift in Sources */,
				5C2C0DA92E9DF23A00BB3BCC /* SplitStackView.swift in Sources */,
			);
			runOnlyForDeploymentPostprocessing = 0;
		};
		CBBCDA852C0FA491000ED260 /* Sources */ = {
			isa = PBXSourcesBuildPhase;
			buildActionMask = 2147483647;
			files = (
				CBBCDA8E2C0FA491000ED260 /* Doubling_SeasonTests.swift in Sources */,
			);
			runOnlyForDeploymentPostprocessing = 0;
		};
		CBBCDA8F2C0FA491000ED260 /* Sources */ = {
			isa = PBXSourcesBuildPhase;
			buildActionMask = 2147483647;
			files = (
				CBBCDA982C0FA491000ED260 /* Doubling_SeasonUITests.swift in Sources */,
				CBBCDA9A2C0FA491000ED260 /* Doubling_SeasonUITestsLaunchTests.swift in Sources */,
			);
			runOnlyForDeploymentPostprocessing = 0;
		};
/* End PBXSourcesBuildPhase section */

/* Begin PBXTargetDependency section */
		CBBCDA8B2C0FA491000ED260 /* PBXTargetDependency */ = {
			isa = PBXTargetDependency;
			target = CBBCDA752C0FA48F000ED260 /* Doubling Season */;
			targetProxy = CBBCDA8A2C0FA491000ED260 /* PBXContainerItemProxy */;
		};
		CBBCDA952C0FA491000ED260 /* PBXTargetDependency */ = {
			isa = PBXTargetDependency;
			target = CBBCDA752C0FA48F000ED260 /* Doubling Season */;
			targetProxy = CBBCDA942C0FA491000ED260 /* PBXContainerItemProxy */;
		};
/* End PBXTargetDependency section */

/* Begin XCBuildConfiguration section */
		CBBCDA9B2C0FA491000ED260 /* Debug */ = {
			isa = XCBuildConfiguration;
			buildSettings = {
				ALWAYS_SEARCH_USER_PATHS = NO;
				ASSETCATALOG_COMPILER_GENERATE_SWIFT_ASSET_SYMBOL_EXTENSIONS = YES;
				CLANG_ANALYZER_NONNULL = YES;
				CLANG_ANALYZER_NUMBER_OBJECT_CONVERSION = YES_AGGRESSIVE;
				CLANG_CXX_LANGUAGE_STANDARD = "gnu++20";
				CLANG_ENABLE_MODULES = YES;
				CLANG_ENABLE_OBJC_ARC = YES;
				CLANG_ENABLE_OBJC_WEAK = YES;
				CLANG_WARN_BLOCK_CAPTURE_AUTORELEASING = YES;
				CLANG_WARN_BOOL_CONVERSION = YES;
				CLANG_WARN_COMMA = YES;
				CLANG_WARN_CONSTANT_CONVERSION = YES;
				CLANG_WARN_DEPRECATED_OBJC_IMPLEMENTATIONS = YES;
				CLANG_WARN_DIRECT_OBJC_ISA_USAGE = YES_ERROR;
				CLANG_WARN_DOCUMENTATION_COMMENTS = YES;
				CLANG_WARN_EMPTY_BODY = YES;
				CLANG_WARN_ENUM_CONVERSION = YES;
				CLANG_WARN_INFINITE_RECURSION = YES;
				CLANG_WARN_INT_CONVERSION = YES;
				CLANG_WARN_NON_LITERAL_NULL_CONVERSION = YES;
				CLANG_WARN_OBJC_IMPLICIT_RETAIN_SELF = YES;
				CLANG_WARN_OBJC_LITERAL_CONVERSION = YES;
				CLANG_WARN_OBJC_ROOT_CLASS = YES_ERROR;
				CLANG_WARN_QUOTED_INCLUDE_IN_FRAMEWORK_HEADER = YES;
				CLANG_WARN_RANGE_LOOP_ANALYSIS = YES;
				CLANG_WARN_STRICT_PROTOTYPES = YES;
				CLANG_WARN_SUSPICIOUS_MOVE = YES;
				CLANG_WARN_UNGUARDED_AVAILABILITY = YES_AGGRESSIVE;
				CLANG_WARN_UNREACHABLE_CODE = YES;
				CLANG_WARN__DUPLICATE_METHOD_MATCH = YES;
				COPY_PHASE_STRIP = NO;
				DEAD_CODE_STRIPPING = YES;
				DEBUG_INFORMATION_FORMAT = dwarf;
				DEVELOPMENT_TEAM = 84W8Q8DV3S;
				ENABLE_STRICT_OBJC_MSGSEND = YES;
				ENABLE_TESTABILITY = YES;
				ENABLE_USER_SCRIPT_SANDBOXING = YES;
				GCC_C_LANGUAGE_STANDARD = gnu17;
				GCC_DYNAMIC_NO_PIC = NO;
				GCC_NO_COMMON_BLOCKS = YES;
				GCC_OPTIMIZATION_LEVEL = 0;
				GCC_PREPROCESSOR_DEFINITIONS = (
					"DEBUG=1",
					"$(inherited)",
				);
				GCC_WARN_64_TO_32_BIT_CONVERSION = YES;
				GCC_WARN_ABOUT_RETURN_TYPE = YES_ERROR;
				GCC_WARN_UNDECLARED_SELECTOR = YES;
				GCC_WARN_UNINITIALIZED_AUTOS = YES_AGGRESSIVE;
				GCC_WARN_UNUSED_FUNCTION = YES;
				GCC_WARN_UNUSED_VARIABLE = YES;
				LOCALIZATION_PREFERS_STRING_CATALOGS = YES;
				MTL_ENABLE_DEBUG_INFO = INCLUDE_SOURCE;
				MTL_FAST_MATH = YES;
				ONLY_ACTIVE_ARCH = YES;
				STRING_CATALOG_GENERATE_SYMBOLS = YES;
				SWIFT_ACTIVE_COMPILATION_CONDITIONS = "DEBUG $(inherited)";
				SWIFT_OPTIMIZATION_LEVEL = "-Onone";
			};
			name = Debug;
		};
		CBBCDA9C2C0FA491000ED260 /* Release */ = {
			isa = XCBuildConfiguration;
			buildSettings = {
				ALWAYS_SEARCH_USER_PATHS = NO;
				ASSETCATALOG_COMPILER_GENERATE_SWIFT_ASSET_SYMBOL_EXTENSIONS = YES;
				CLANG_ANALYZER_NONNULL = YES;
				CLANG_ANALYZER_NUMBER_OBJECT_CONVERSION = YES_AGGRESSIVE;
				CLANG_CXX_LANGUAGE_STANDARD = "gnu++20";
				CLANG_ENABLE_MODULES = YES;
				CLANG_ENABLE_OBJC_ARC = YES;
				CLANG_ENABLE_OBJC_WEAK = YES;
				CLANG_WARN_BLOCK_CAPTURE_AUTORELEASING = YES;
				CLANG_WARN_BOOL_CONVERSION = YES;
				CLANG_WARN_COMMA = YES;
				CLANG_WARN_CONSTANT_CONVERSION = YES;
				CLANG_WARN_DEPRECATED_OBJC_IMPLEMENTATIONS = YES;
				CLANG_WARN_DIRECT_OBJC_ISA_USAGE = YES_ERROR;
				CLANG_WARN_DOCUMENTATION_COMMENTS = YES;
				CLANG_WARN_EMPTY_BODY = YES;
				CLANG_WARN_ENUM_CONVERSION = YES;
				CLANG_WARN_INFINITE_RECURSION = YES;
				CLANG_WARN_INT_CONVERSION = YES;
				CLANG_WARN_NON_LITERAL_NULL_CONVERSION = YES;
				CLANG_WARN_OBJC_IMPLICIT_RETAIN_SELF = YES;
				CLANG_WARN_OBJC_LITERAL_CONVERSION = YES;
				CLANG_WARN_OBJC_ROOT_CLASS = YES_ERROR;
				CLANG_WARN_QUOTED_INCLUDE_IN_FRAMEWORK_HEADER = YES;
				CLANG_WARN_RANGE_LOOP_ANALYSIS = YES;
				CLANG_WARN_STRICT_PROTOTYPES = YES;
				CLANG_WARN_SUSPICIOUS_MOVE = YES;
				CLANG_WARN_UNGUARDED_AVAILABILITY = YES_AGGRESSIVE;
				CLANG_WARN_UNREACHABLE_CODE = YES;
				CLANG_WARN__DUPLICATE_METHOD_MATCH = YES;
				COPY_PHASE_STRIP = NO;
				DEAD_CODE_STRIPPING = YES;
				DEBUG_INFORMATION_FORMAT = "dwarf-with-dsym";
				DEVELOPMENT_TEAM = 84W8Q8DV3S;
				ENABLE_NS_ASSERTIONS = NO;
				ENABLE_STRICT_OBJC_MSGSEND = YES;
				ENABLE_USER_SCRIPT_SANDBOXING = YES;
				GCC_C_LANGUAGE_STANDARD = gnu17;
				GCC_NO_COMMON_BLOCKS = YES;
				GCC_WARN_64_TO_32_BIT_CONVERSION = YES;
				GCC_WARN_ABOUT_RETURN_TYPE = YES_ERROR;
				GCC_WARN_UNDECLARED_SELECTOR = YES;
				GCC_WARN_UNINITIALIZED_AUTOS = YES_AGGRESSIVE;
				GCC_WARN_UNUSED_FUNCTION = YES;
				GCC_WARN_UNUSED_VARIABLE = YES;
				LOCALIZATION_PREFERS_STRING_CATALOGS = YES;
				MTL_ENABLE_DEBUG_INFO = NO;
				MTL_FAST_MATH = YES;
				STRING_CATALOG_GENERATE_SYMBOLS = YES;
				SWIFT_COMPILATION_MODE = wholemodule;
			};
			name = Release;
		};
		CBBCDA9E2C0FA491000ED260 /* Debug */ = {
			isa = XCBuildConfiguration;
			buildSettings = {
				ASSETCATALOG_COMPILER_APPICON_NAME = AppIcon;
				ASSETCATALOG_COMPILER_GLOBAL_ACCENT_COLOR_NAME = AccentColor;
				CODE_SIGN_ENTITLEMENTS = "Doubling Season/Doubling_Season.entitlements";
				CODE_SIGN_STYLE = Automatic;
				CURRENT_PROJECT_VERSION = 1;
				DEAD_CODE_STRIPPING = YES;
				DEVELOPMENT_ASSET_PATHS = "\"Doubling Season/Preview Content\"";
				ENABLE_APP_SANDBOX = YES;
				ENABLE_HARDENED_RUNTIME = YES;
				ENABLE_PREVIEWS = YES;
				ENABLE_USER_SELECTED_FILES = readonly;
				GENERATE_INFOPLIST_FILE = YES;
				INFOPLIST_KEY_CFBundleDisplayName = "Doubling Season";
				INFOPLIST_KEY_LSApplicationCategoryType = "public.app-category.card-games";
				"INFOPLIST_KEY_UIApplicationSceneManifest_Generation[sdk=iphoneos*]" = YES;
				"INFOPLIST_KEY_UIApplicationSceneManifest_Generation[sdk=iphonesimulator*]" = YES;
				"INFOPLIST_KEY_UIApplicationSupportsIndirectInputEvents[sdk=iphoneos*]" = YES;
				"INFOPLIST_KEY_UIApplicationSupportsIndirectInputEvents[sdk=iphonesimulator*]" = YES;
				"INFOPLIST_KEY_UILaunchScreen_Generation[sdk=iphoneos*]" = YES;
				"INFOPLIST_KEY_UILaunchScreen_Generation[sdk=iphonesimulator*]" = YES;
				INFOPLIST_KEY_UIStatusBarStyle = "";
				"INFOPLIST_KEY_UIStatusBarStyle[sdk=iphoneos*]" = UIStatusBarStyleDefault;
				"INFOPLIST_KEY_UIStatusBarStyle[sdk=iphonesimulator*]" = UIStatusBarStyleDefault;
				INFOPLIST_KEY_UISupportedInterfaceOrientations_iPad = "UIInterfaceOrientationPortrait UIInterfaceOrientationPortraitUpsideDown UIInterfaceOrientationLandscapeLeft UIInterfaceOrientationLandscapeRight";
				INFOPLIST_KEY_UISupportedInterfaceOrientations_iPhone = "UIInterfaceOrientationPortrait UIInterfaceOrientationLandscapeLeft UIInterfaceOrientationLandscapeRight";
				IPHONEOS_DEPLOYMENT_TARGET = 17.2;
				LD_RUNPATH_SEARCH_PATHS = "@executable_path/Frameworks";
				"LD_RUNPATH_SEARCH_PATHS[sdk=macosx*]" = "@executable_path/../Frameworks";
				MACOSX_DEPLOYMENT_TARGET = 14.0;
				MARKETING_VERSION = 1.0;
				PRODUCT_BUNDLE_IDENTIFIER = "LooseTie.Doubling-Season";
				PRODUCT_NAME = "$(TARGET_NAME)";
				SDKROOT = auto;
				SUPPORTED_PLATFORMS = "iphoneos iphonesimulator";
				SUPPORTS_MACCATALYST = NO;
				SWIFT_EMIT_LOC_STRINGS = YES;
				SWIFT_VERSION = 5.0;
				TARGETED_DEVICE_FAMILY = 1;
			};
			name = Debug;
		};
		CBBCDA9F2C0FA491000ED260 /* Release */ = {
			isa = XCBuildConfiguration;
			buildSettings = {
				ASSETCATALOG_COMPILER_APPICON_NAME = AppIcon;
				ASSETCATALOG_COMPILER_GLOBAL_ACCENT_COLOR_NAME = AccentColor;
				CODE_SIGN_ENTITLEMENTS = "Doubling Season/Doubling_Season.entitlements";
				CODE_SIGN_STYLE = Automatic;
				CURRENT_PROJECT_VERSION = 1;
				DEAD_CODE_STRIPPING = YES;
				DEVELOPMENT_ASSET_PATHS = "\"Doubling Season/Preview Content\"";
				ENABLE_APP_SANDBOX = YES;
				ENABLE_HARDENED_RUNTIME = YES;
				ENABLE_PREVIEWS = YES;
				ENABLE_USER_SELECTED_FILES = readonly;
				GENERATE_INFOPLIST_FILE = YES;
				INFOPLIST_KEY_CFBundleDisplayName = "Doubling Season";
				INFOPLIST_KEY_LSApplicationCategoryType = "public.app-category.card-games";
				"INFOPLIST_KEY_UIApplicationSceneManifest_Generation[sdk=iphoneos*]" = YES;
				"INFOPLIST_KEY_UIApplicationSceneManifest_Generation[sdk=iphonesimulator*]" = YES;
				"INFOPLIST_KEY_UIApplicationSupportsIndirectInputEvents[sdk=iphoneos*]" = YES;
				"INFOPLIST_KEY_UIApplicationSupportsIndirectInputEvents[sdk=iphonesimulator*]" = YES;
				"INFOPLIST_KEY_UILaunchScreen_Generation[sdk=iphoneos*]" = YES;
				"INFOPLIST_KEY_UILaunchScreen_Generation[sdk=iphonesimulator*]" = YES;
				INFOPLIST_KEY_UIStatusBarStyle = "";
				"INFOPLIST_KEY_UIStatusBarStyle[sdk=iphoneos*]" = UIStatusBarStyleDefault;
				"INFOPLIST_KEY_UIStatusBarStyle[sdk=iphonesimulator*]" = UIStatusBarStyleDefault;
				INFOPLIST_KEY_UISupportedInterfaceOrientations_iPad = "UIInterfaceOrientationPortrait UIInterfaceOrientationPortraitUpsideDown UIInterfaceOrientationLandscapeLeft UIInterfaceOrientationLandscapeRight";
				INFOPLIST_KEY_UISupportedInterfaceOrientations_iPhone = "UIInterfaceOrientationPortrait UIInterfaceOrientationLandscapeLeft UIInterfaceOrientationLandscapeRight";
				IPHONEOS_DEPLOYMENT_TARGET = 17.2;
				LD_RUNPATH_SEARCH_PATHS = "@executable_path/Frameworks";
				"LD_RUNPATH_SEARCH_PATHS[sdk=macosx*]" = "@executable_path/../Frameworks";
				MACOSX_DEPLOYMENT_TARGET = 14.0;
				MARKETING_VERSION = 1.0;
				PRODUCT_BUNDLE_IDENTIFIER = "LooseTie.Doubling-Season";
				PRODUCT_NAME = "$(TARGET_NAME)";
				SDKROOT = auto;
				SUPPORTED_PLATFORMS = "iphoneos iphonesimulator";
				SUPPORTS_MACCATALYST = NO;
				SWIFT_EMIT_LOC_STRINGS = YES;
				SWIFT_VERSION = 5.0;
				TARGETED_DEVICE_FAMILY = 1;
			};
			name = Release;
		};
		CBBCDAA12C0FA491000ED260 /* Debug */ = {
			isa = XCBuildConfiguration;
			buildSettings = {
				BUNDLE_LOADER = "$(TEST_HOST)";
				CODE_SIGN_STYLE = Automatic;
				CURRENT_PROJECT_VERSION = 1;
				DEAD_CODE_STRIPPING = YES;
				GENERATE_INFOPLIST_FILE = YES;
				IPHONEOS_DEPLOYMENT_TARGET = 17.2;
				MACOSX_DEPLOYMENT_TARGET = 13.6;
				MARKETING_VERSION = 1.0;
				PRODUCT_BUNDLE_IDENTIFIER = "LooseTie.Doubling-SeasonTests";
				PRODUCT_NAME = "$(TARGET_NAME)";
				SDKROOT = auto;
				SUPPORTED_PLATFORMS = "iphoneos iphonesimulator";
				SUPPORTS_MACCATALYST = NO;
				SWIFT_EMIT_LOC_STRINGS = NO;
				SWIFT_VERSION = 5.0;
				TARGETED_DEVICE_FAMILY = 1;
				TEST_HOST = "$(BUILT_PRODUCTS_DIR)/Doubling Season.app/$(BUNDLE_EXECUTABLE_FOLDER_PATH)/Doubling Season";
			};
			name = Debug;
		};
		CBBCDAA22C0FA491000ED260 /* Release */ = {
			isa = XCBuildConfiguration;
			buildSettings = {
				BUNDLE_LOADER = "$(TEST_HOST)";
				CODE_SIGN_STYLE = Automatic;
				CURRENT_PROJECT_VERSION = 1;
				DEAD_CODE_STRIPPING = YES;
				GENERATE_INFOPLIST_FILE = YES;
				IPHONEOS_DEPLOYMENT_TARGET = 17.2;
				MACOSX_DEPLOYMENT_TARGET = 13.6;
				MARKETING_VERSION = 1.0;
				PRODUCT_BUNDLE_IDENTIFIER = "LooseTie.Doubling-SeasonTests";
				PRODUCT_NAME = "$(TARGET_NAME)";
				SDKROOT = auto;
				SUPPORTED_PLATFORMS = "iphoneos iphonesimulator";
				SUPPORTS_MACCATALYST = NO;
				SWIFT_EMIT_LOC_STRINGS = NO;
				SWIFT_VERSION = 5.0;
				TARGETED_DEVICE_FAMILY = 1;
				TEST_HOST = "$(BUILT_PRODUCTS_DIR)/Doubling Season.app/$(BUNDLE_EXECUTABLE_FOLDER_PATH)/Doubling Season";
			};
			name = Release;
		};
		CBBCDAA42C0FA491000ED260 /* Debug */ = {
			isa = XCBuildConfiguration;
			buildSettings = {
				CODE_SIGN_STYLE = Automatic;
				CURRENT_PROJECT_VERSION = 1;
				DEAD_CODE_STRIPPING = YES;
				GENERATE_INFOPLIST_FILE = YES;
				IPHONEOS_DEPLOYMENT_TARGET = 17.2;
				MACOSX_DEPLOYMENT_TARGET = 13.6;
				MARKETING_VERSION = 1.0;
				PRODUCT_BUNDLE_IDENTIFIER = "LooseTie.Doubling-SeasonUITests";
				PRODUCT_NAME = "$(TARGET_NAME)";
				SDKROOT = auto;
				SUPPORTED_PLATFORMS = "iphoneos iphonesimulator";
				SUPPORTS_MACCATALYST = NO;
				SWIFT_EMIT_LOC_STRINGS = NO;
				SWIFT_VERSION = 5.0;
				TARGETED_DEVICE_FAMILY = 1;
				TEST_TARGET_NAME = "Doubling Season";
			};
			name = Debug;
		};
		CBBCDAA52C0FA491000ED260 /* Release */ = {
			isa = XCBuildConfiguration;
			buildSettings = {
				CODE_SIGN_STYLE = Automatic;
				CURRENT_PROJECT_VERSION = 1;
				DEAD_CODE_STRIPPING = YES;
				GENERATE_INFOPLIST_FILE = YES;
				IPHONEOS_DEPLOYMENT_TARGET = 17.2;
				MACOSX_DEPLOYMENT_TARGET = 13.6;
				MARKETING_VERSION = 1.0;
				PRODUCT_BUNDLE_IDENTIFIER = "LooseTie.Doubling-SeasonUITests";
				PRODUCT_NAME = "$(TARGET_NAME)";
				SDKROOT = auto;
				SUPPORTED_PLATFORMS = "iphoneos iphonesimulator";
				SUPPORTS_MACCATALYST = NO;
				SWIFT_EMIT_LOC_STRINGS = NO;
				SWIFT_VERSION = 5.0;
				TARGETED_DEVICE_FAMILY = 1;
				TEST_TARGET_NAME = "Doubling Season";
			};
			name = Release;
		};
/* End XCBuildConfiguration section */

/* Begin XCConfigurationList section */
		CBBCDA712C0FA48F000ED260 /* Build configuration list for PBXProject "Doubling Season" */ = {
			isa = XCConfigurationList;
			buildConfigurations = (
				CBBCDA9B2C0FA491000ED260 /* Debug */,
				CBBCDA9C2C0FA491000ED260 /* Release */,
			);
			defaultConfigurationIsVisible = 0;
			defaultConfigurationName = Release;
		};
		CBBCDA9D2C0FA491000ED260 /* Build configuration list for PBXNativeTarget "Doubling Season" */ = {
			isa = XCConfigurationList;
			buildConfigurations = (
				CBBCDA9E2C0FA491000ED260 /* Debug */,
				CBBCDA9F2C0FA491000ED260 /* Release */,
			);
			defaultConfigurationIsVisible = 0;
			defaultConfigurationName = Release;
		};
		CBBCDAA02C0FA491000ED260 /* Build configuration list for PBXNativeTarget "Doubling SeasonTests" */ = {
			isa = XCConfigurationList;
			buildConfigurations = (
				CBBCDAA12C0FA491000ED260 /* Debug */,
				CBBCDAA22C0FA491000ED260 /* Release */,
			);
			defaultConfigurationIsVisible = 0;
			defaultConfigurationName = Release;
		};
		CBBCDAA32C0FA491000ED260 /* Build configuration list for PBXNativeTarget "Doubling SeasonUITests" */ = {
			isa = XCConfigurationList;
			buildConfigurations = (
				CBBCDAA42C0FA491000ED260 /* Debug */,
				CBBCDAA52C0FA491000ED260 /* Release */,
			);
			defaultConfigurationIsVisible = 0;
			defaultConfigurationName = Release;
		};
/* End XCConfigurationList section */
	};
	rootObject = CBBCDA6E2C0FA48F000ED260 /* Project object */;
}
