// !$*UTF8*$!
{
	archiveVersion = 1;
	classes = {
	};
	objectVersion = 56;
	objects = {

/* Begin PBXBuildFile section */
		CB6978F12E996319007A4256 /* LoadDeckSheet.swift in Sources */ = {isa = PBXBuildFile; fileRef = CB6978F02E996311007A4256 /* LoadDeckSheet.swift */; };
		CB6978F32E996338007A4256 /* NewTokenSheet.swift in Sources */ = {isa = PBXBuildFile; fileRef = CB6978F22E996330007A4256 /* NewTokenSheet.swift */; };
		CB6979222E999F0C007A4256 /* TokenDatabase.json in Resources */ = {isa = PBXBuildFile; fileRef = CB69791D2E999F0C007A4256 /* TokenDatabase.json */; };
		CB6979232E999F0C007A4256 /* TokenDatabase.swift in Sources */ = {isa = PBXBuildFile; fileRef = CB69791E2E999F0C007A4256 /* TokenDatabase.swift */; };
		CB6979242E999F0C007A4256 /* TokenSearchRow.swift in Sources */ = {isa = PBXBuildFile; fileRef = CB6979202E999F0C007A4256 /* TokenSearchRow.swift */; };
		CB6979252E999F0C007A4256 /* TokenSearchView.swift in Sources */ = {isa = PBXBuildFile; fileRef = CB6979212E999F0C007A4256 /* TokenSearchView.swift */; };
		CB6979262E999F0C007A4256 /* TokenDefinition.swift in Sources */ = {isa = PBXBuildFile; fileRef = CB69791F2E999F0C007A4256 /* TokenDefinition.swift */; };
		CBA8B7902C5F02DF0063B87A /* AboutView.swift in Sources */ = {isa = PBXBuildFile; fileRef = CBA8B78F2C5F02DF0063B87A /* AboutView.swift */; };
		CBBCDA7A2C0FA48F000ED260 /* Doubling_SeasonApp.swift in Sources */ = {isa = PBXBuildFile; fileRef = CBBCDA792C0FA48F000ED260 /* Doubling_SeasonApp.swift */; };
		CBBCDA7C2C0FA48F000ED260 /* ContentView.swift in Sources */ = {isa = PBXBuildFile; fileRef = CBBCDA7B2C0FA48F000ED260 /* ContentView.swift */; };
		CBBCDA7E2C0FA48F000ED260 /* Item.swift in Sources */ = {isa = PBXBuildFile; fileRef = CBBCDA7D2C0FA48F000ED260 /* Item.swift */; };
		CBBCDA802C0FA491000ED260 /* Assets.xcassets in Resources */ = {isa = PBXBuildFile; fileRef = CBBCDA7F2C0FA491000ED260 /* Assets.xcassets */; };
		CBBCDA842C0FA491000ED260 /* Preview Assets.xcassets in Resources */ = {isa = PBXBuildFile; fileRef = CBBCDA832C0FA491000ED260 /* Preview Assets.xcassets */; };
		CBBCDA8E2C0FA491000ED260 /* Doubling_SeasonTests.swift in Sources */ = {isa = PBXBuildFile; fileRef = CBBCDA8D2C0FA491000ED260 /* Doubling_SeasonTests.swift */; };
		CBBCDA982C0FA491000ED260 /* Doubling_SeasonUITests.swift in Sources */ = {isa = PBXBuildFile; fileRef = CBBCDA972C0FA491000ED260 /* Doubling_SeasonUITests.swift */; };
		CBBCDA9A2C0FA491000ED260 /* Doubling_SeasonUITestsLaunchTests.swift in Sources */ = {isa = PBXBuildFile; fileRef = CBBCDA992C0FA491000ED260 /* Doubling_SeasonUITestsLaunchTests.swift */; };
		CBBCDAA92C0FA7B7000ED260 /* Deck.swift in Sources */ = {isa = PBXBuildFile; fileRef = CBBCDAA82C0FA7B7000ED260 /* Deck.swift */; };
		CBC1E2F22C1A2E7500F080CD /* TokenView.swift in Sources */ = {isa = PBXBuildFile; fileRef = CBC1E2F12C1A2E7500F080CD /* TokenView.swift */; };
/* End PBXBuildFile section */

/* Begin PBXContainerItemProxy section */
		CBBCDA8A2C0FA491000ED260 /* PBXContainerItemProxy */ = {
			isa = PBXContainerItemProxy;
			containerPortal = CBBCDA6E2C0FA48F000ED260 /* Project object */;
			proxyType = 1;
			remoteGlobalIDString = CBBCDA752C0FA48F000ED260;
			remoteInfo = "Doubling Season";
		};
		CBBCDA942C0FA491000ED260 /* PBXContainerItemProxy */ = {
			isa = PBXContainerItemProxy;
			containerPortal = CBBCDA6E2C0FA48F000ED260 /* Project object */;
			proxyType = 1;
			remoteGlobalIDString = CBBCDA752C0FA48F000ED260;
			remoteInfo = "Doubling Season";
		};
/* End PBXContainerItemProxy section */

/* Begin PBXFileReference section */
		CB0ADF792C7688C0004203B1 /* CullTokenData.sh */ = {isa = PBXFileReference; lastKnownFileType = text.script.sh; path = CullTokenData.sh; sourceTree = "<group>"; };
		CB4E68AD2C56F8DC003D6048 /* TokenLookup.json */ = {isa = PBXFileReference; lastKnownFileType = text.json; path = TokenLookup.json; sourceTree = "<group>"; };
		CB6978F02E996311007A4256 /* LoadDeckSheet.swift */ = {isa = PBXFileReference; lastKnownFileType = sourcecode.swift; path = LoadDeckSheet.swift; sourceTree = "<group>"; };
		CB6978F22E996330007A4256 /* NewTokenSheet.swift */ = {isa = PBXFileReference; lastKnownFileType = sourcecode.swift; path = NewTokenSheet.swift; sourceTree = "<group>"; };
		CB69791D2E999F0C007A4256 /* TokenDatabase.json */ = {isa = PBXFileReference; lastKnownFileType = text.json; path = TokenDatabase.json; sourceTree = "<group>"; };
		CB69791E2E999F0C007A4256 /* TokenDatabase.swift */ = {isa = PBXFileReference; lastKnownFileType = sourcecode.swift; path = TokenDatabase.swift; sourceTree = "<group>"; };
		CB69791F2E999F0C007A4256 /* TokenDefinition.swift */ = {isa = PBXFileReference; lastKnownFileType = sourcecode.swift; path = TokenDefinition.swift; sourceTree = "<group>"; };
		CB6979202E999F0C007A4256 /* TokenSearchRow.swift */ = {isa = PBXFileReference; lastKnownFileType = sourcecode.swift; path = TokenSearchRow.swift; sourceTree = "<group>"; };
		CB6979212E999F0C007A4256 /* TokenSearchView.swift */ = {isa = PBXFileReference; lastKnownFileType = sourcecode.swift; path = TokenSearchView.swift; sourceTree = "<group>"; };
		CBA8B78F2C5F02DF0063B87A /* AboutView.swift */ = {isa = PBXFileReference; lastKnownFileType = sourcecode.swift; path = AboutView.swift; sourceTree = "<group>"; };
		CBBCDA762C0FA48F000ED260 /* Doubling Season.app */ = {isa = PBXFileReference; explicitFileType = wrapper.application; includeInIndex = 0; path = "Doubling Season.app"; sourceTree = BUILT_PRODUCTS_DIR; };
		CBBCDA792C0FA48F000ED260 /* Doubling_SeasonApp.swift */ = {isa = PBXFileReference; lastKnownFileType = sourcecode.swift; path = Doubling_SeasonApp.swift; sourceTree = "<group>"; };
		CBBCDA7B2C0FA48F000ED260 /* ContentView.swift */ = {isa = PBXFileReference; lastKnownFileType = sourcecode.swift; path = ContentView.swift; sourceTree = "<group>"; };
		CBBCDA7D2C0FA48F000ED260 /* Item.swift */ = {isa = PBXFileReference; lastKnownFileType = sourcecode.swift; path = Item.swift; sourceTree = "<group>"; };
		CBBCDA7F2C0FA491000ED260 /* Assets.xcassets */ = {isa = PBXFileReference; lastKnownFileType = folder.assetcatalog; path = Assets.xcassets; sourceTree = "<group>"; };
		CBBCDA812C0FA491000ED260 /* Doubling_Season.entitlements */ = {isa = PBXFileReference; lastKnownFileType = text.plist.entitlements; path = Doubling_Season.entitlements; sourceTree = "<group>"; };
		CBBCDA832C0FA491000ED260 /* Preview Assets.xcassets */ = {isa = PBXFileReference; lastKnownFileType = folder.assetcatalog; path = "Preview Assets.xcassets"; sourceTree = "<group>"; };
		CBBCDA892C0FA491000ED260 /* Doubling SeasonTests.xctest */ = {isa = PBXFileReference; explicitFileType = wrapper.cfbundle; includeInIndex = 0; path = "Doubling SeasonTests.xctest"; sourceTree = BUILT_PRODUCTS_DIR; };
		CBBCDA8D2C0FA491000ED260 /* Doubling_SeasonTests.swift */ = {isa = PBXFileReference; lastKnownFileType = sourcecode.swift; path = Doubling_SeasonTests.swift; sourceTree = "<group>"; };
		CBBCDA932C0FA491000ED260 /* Doubling SeasonUITests.xctest */ = {isa = PBXFileReference; explicitFileType = wrapper.cfbundle; includeInIndex = 0; path = "Doubling SeasonUITests.xctest"; sourceTree = BUILT_PRODUCTS_DIR; };
		CBBCDA972C0FA491000ED260 /* Doubling_SeasonUITests.swift */ = {isa = PBXFileReference; lastKnownFileType = sourcecode.swift; path = Doubling_SeasonUITests.swift; sourceTree = "<group>"; };
		CBBCDA992C0FA491000ED260 /* Doubling_SeasonUITestsLaunchTests.swift */ = {isa = PBXFileReference; lastKnownFileType = sourcecode.swift; path = Doubling_SeasonUITestsLaunchTests.swift; sourceTree = "<group>"; };
		CBBCDAA82C0FA7B7000ED260 /* Deck.swift */ = {isa = PBXFileReference; lastKnownFileType = sourcecode.swift; path = Deck.swift; sourceTree = "<group>"; };
		CBC1E2F12C1A2E7500F080CD /* TokenView.swift */ = {isa = PBXFileReference; lastKnownFileType = sourcecode.swift; path = TokenView.swift; sourceTree = "<group>"; };
		CBC1E2F32C1B4B3100F080CD /* NOTES.md */ = {isa = PBXFileReference; lastKnownFileType = net.daringfireball.markdown; path = NOTES.md; sourceTree = "<group>"; };
/* End PBXFileReference section */

/* Begin PBXFrameworksBuildPhase section */
		CBBCDA732C0FA48F000ED260 /* Frameworks */ = {
			isa = PBXFrameworksBuildPhase;
			buildActionMask = 2147483647;
			files = (
			);
			runOnlyForDeploymentPostprocessing = 0;
		};
		CBBCDA862C0FA491000ED260 /* Frameworks */ = {
			isa = PBXFrameworksBuildPhase;
			buildActionMask = 2147483647;
			files = (
			);
			runOnlyForDeploymentPostprocessing = 0;
		};
		CBBCDA902C0FA491000ED260 /* Frameworks */ = {
			isa = PBXFrameworksBuildPhase;
			buildActionMask = 2147483647;
			files = (
			);
			runOnlyForDeploymentPostprocessing = 0;
		};
/* End PBXFrameworksBuildPhase section */

/* Begin PBXGroup section */
		CBBCDA6D2C0FA48F000ED260 = {
			isa = PBXGroup;
			children = (
				CBC1E2F32C1B4B3100F080CD /* NOTES.md */,
				CBBCDA782C0FA48F000ED260 /* Doubling Season */,
				CBBCDA8C2C0FA491000ED260 /* Doubling SeasonTests */,
				CBBCDA962C0FA491000ED260 /* Doubling SeasonUITests */,
				CBBCDA772C0FA48F000ED260 /* Products */,
			);
			sourceTree = "<group>";
		};
		CBBCDA772C0FA48F000ED260 /* Products */ = {
			isa = PBXGroup;
			children = (
				CBBCDA762C0FA48F000ED260 /* Doubling Season.app */,
				CBBCDA892C0FA491000ED260 /* Doubling SeasonTests.xctest */,
				CBBCDA932C0FA491000ED260 /* Doubling SeasonUITests.xctest */,
			);
			name = Products;
			sourceTree = "<group>";
		};
		CBBCDA782C0FA48F000ED260 /* Doubling Season */ = {
			isa = PBXGroup;
			children = (
				CB69791D2E999F0C007A4256 /* TokenDatabase.json */,
				CB69791E2E999F0C007A4256 /* TokenDatabase.swift */,
				CB69791F2E999F0C007A4256 /* TokenDefinition.swift */,
				CB6979202E999F0C007A4256 /* TokenSearchRow.swift */,
				CB6979212E999F0C007A4256 /* TokenSearchView.swift */,
				CB6978F22E996330007A4256 /* NewTokenSheet.swift */,
				CB6978F02E996311007A4256 /* LoadDeckSheet.swift */,
				CBBCDA792C0FA48F000ED260 /* Doubling_SeasonApp.swift */,
				CBBCDA7B2C0FA48F000ED260 /* ContentView.swift */,
				CBBCDA7D2C0FA48F000ED260 /* Item.swift */,
				CBBCDA7F2C0FA491000ED260 /* Assets.xcassets */,
				CBBCDA812C0FA491000ED260 /* Doubling_Season.entitlements */,
				CBBCDA822C0FA491000ED260 /* Preview Content */,
				CBBCDAA82C0FA7B7000ED260 /* Deck.swift */,
				CBC1E2F12C1A2E7500F080CD /* TokenView.swift */,
				CB4E68AD2C56F8DC003D6048 /* TokenLookup.json */,
				CBA8B78F2C5F02DF0063B87A /* AboutView.swift */,
				CB0ADF792C7688C0004203B1 /* CullTokenData.sh */,
			);
			path = "Doubling Season";
			sourceTree = "<group>";
		};
		CBBCDA822C0FA491000ED260 /* Preview Content */ = {
			isa = PBXGroup;
			children = (
				CBBCDA832C0FA491000ED260 /* Preview Assets.xcassets */,
			);
			path = "Preview Content";
			sourceTree = "<group>";
		};
		CBBCDA8C2C0FA491000ED260 /* Doubling SeasonTests */ = {
			isa = PBXGroup;
			children = (
				CBBCDA8D2C0FA491000ED260 /* Doubling_SeasonTests.swift */,
			);
			path = "Doubling SeasonTests";
			sourceTree = "<group>";
		};
		CBBCDA962C0FA491000ED260 /* Doubling SeasonUITests */ = {
			isa = PBXGroup;
			children = (
				CBBCDA972C0FA491000ED260 /* Doubling_SeasonUITests.swift */,
				CBBCDA992C0FA491000ED260 /* Doubling_SeasonUITestsLaunchTests.swift */,
			);
			path = "Doubling SeasonUITests";
			sourceTree = "<group>";
		};
/* End PBXGroup section */

/* Begin PBXNativeTarget section */
		CBBCDA752C0FA48F000ED260 /* Doubling Season */ = {
			isa = PBXNativeTarget;
			buildConfigurationList = CBBCDA9D2C0FA491000ED260 /* Build configuration list for PBXNativeTarget "Doubling Season" */;
			buildPhases = (
				CBBCDA722C0FA48F000ED260 /* Sources */,
				CBBCDA732C0FA48F000ED260 /* Frameworks */,
				CBBCDA742C0FA48F000ED260 /* Resources */,
			);
			buildRules = (
			);
			dependencies = (
			);
			name = "Doubling Season";
			productName = "Doubling Season";
			productReference = CBBCDA762C0FA48F000ED260 /* Doubling Season.app */;
			productType = "com.apple.product-type.application";
		};
		CBBCDA882C0FA491000ED260 /* Doubling SeasonTests */ = {
			isa = PBXNativeTarget;
			buildConfigurationList = CBBCDAA02C0FA491000ED260 /* Build configuration list for PBXNativeTarget "Doubling SeasonTests" */;
			buildPhases = (
				CBBCDA852C0FA491000ED260 /* Sources */,
				CBBCDA862C0FA491000ED260 /* Frameworks */,
				CBBCDA872C0FA491000ED260 /* Resources */,
			);
			buildRules = (
			);
			dependencies = (
				CBBCDA8B2C0FA491000ED260 /* PBXTargetDependency */,
			);
			name = "Doubling SeasonTests";
			productName = "Doubling SeasonTests";
			productReference = CBBCDA892C0FA491000ED260 /* Doubling SeasonTests.xctest */;
			productType = "com.apple.product-type.bundle.unit-test";
		};
		CBBCDA922C0FA491000ED260 /* Doubling SeasonUITests */ = {
			isa = PBXNativeTarget;
			buildConfigurationList = CBBCDAA32C0FA491000ED260 /* Build configuration list for PBXNativeTarget "Doubling SeasonUITests" */;
			buildPhases = (
				CBBCDA8F2C0FA491000ED260 /* Sources */,
				CBBCDA902C0FA491000ED260 /* Frameworks */,
				CBBCDA912C0FA491000ED260 /* Resources */,
			);
			buildRules = (
			);
			dependencies = (
				CBBCDA952C0FA491000ED260 /* PBXTargetDependency */,
			);
			name = "Doubling SeasonUITests";
			productName = "Doubling SeasonUITests";
			productReference = CBBCDA932C0FA491000ED260 /* Doubling SeasonUITests.xctest */;
			productType = "com.apple.product-type.bundle.ui-testing";
		};
/* End PBXNativeTarget section */

/* Begin PBXProject section */
		CBBCDA6E2C0FA48F000ED260 /* Project object */ = {
			isa = PBXProject;
			attributes = {
				BuildIndependentTargetsInParallel = 1;
				LastSwiftUpdateCheck = 1520;
				LastUpgradeCheck = 1540;
				TargetAttributes = {
					CBBCDA752C0FA48F000ED260 = {
						CreatedOnToolsVersion = 15.2;
					};
					CBBCDA882C0FA491000ED260 = {
						CreatedOnToolsVersion = 15.2;
						TestTargetID = CBBCDA752C0FA48F000ED260;
					};
					CBBCDA922C0FA491000ED260 = {
						CreatedOnToolsVersion = 15.2;
						TestTargetID = CBBCDA752C0FA48F000ED260;
					};
				};
			};
			buildConfigurationList = CBBCDA712C0FA48F000ED260 /* Build configuration list for PBXProject "Doubling Season" */;
			compatibilityVersion = "Xcode 14.0";
			developmentRegion = en;
			hasScannedForEncodings = 0;
			knownRegions = (
				en,
				Base,
			);
			mainGroup = CBBCDA6D2C0FA48F000ED260;
			productRefGroup = CBBCDA772C0FA48F000ED260 /* Products */;
			projectDirPath = "";
			projectRoot = "";
			targets = (
				CBBCDA752C0FA48F000ED260 /* Doubling Season */,
				CBBCDA882C0FA491000ED260 /* Doubling SeasonTests */,
				CBBCDA922C0FA491000ED260 /* Doubling SeasonUITests */,
			);
		};
/* End PBXProject section */

/* Begin PBXResourcesBuildPhase section */
		CBBCDA742C0FA48F000ED260 /* Resources */ = {
			isa = PBXResourcesBuildPhase;
			buildActionMask = 2147483647;
			files = (
				CBBCDA842C0FA491000ED260 /* Preview Assets.xcassets in Resources */,
				CB6979222E999F0C007A4256 /* TokenDatabase.json in Resources */,
				CBBCDA802C0FA491000ED260 /* Assets.xcassets in Resources */,
			);
			runOnlyForDeploymentPostprocessing = 0;
		};
		CBBCDA872C0FA491000ED260 /* Resources */ = {
			isa = PBXResourcesBuildPhase;
			buildActionMask = 2147483647;
			files = (
			);
			runOnlyForDeploymentPostprocessing = 0;
		};
		CBBCDA912C0FA491000ED260 /* Resources */ = {
			isa = PBXResourcesBuildPhase;
			buildActionMask = 2147483647;
			files = (
			);
			runOnlyForDeploymentPostprocessing = 0;
		};
/* End PBXResourcesBuildPhase section */

/* Begin PBXSourcesBuildPhase section */
		CBBCDA722C0FA48F000ED260 /* Sources */ = {
			isa = PBXSourcesBuildPhase;
			buildActionMask = 2147483647;
			files = (
				CBBCDA7C2C0FA48F000ED260 /* ContentView.swift in Sources */,
				CBA8B7902C5F02DF0063B87A /* AboutView.swift in Sources */,
				CB6978F32E996338007A4256 /* NewTokenSheet.swift in Sources */,
				CB6978F12E996319007A4256 /* LoadDeckSheet.swift in Sources */,
				CBC1E2F22C1A2E7500F080CD /* TokenView.swift in Sources */,
				CB6979232E999F0C007A4256 /* TokenDatabase.swift in Sources */,
				CB6979242E999F0C007A4256 /* TokenSearchRow.swift in Sources */,
				CB6979252E999F0C007A4256 /* TokenSearchView.swift in Sources */,
				CB6979262E999F0C007A4256 /* TokenDefinition.swift in Sources */,
				CBBCDA7E2C0FA48F000ED260 /* Item.swift in Sources */,
				CBBCDAA92C0FA7B7000ED260 /* Deck.swift in Sources */,
				CBBCDA7A2C0FA48F000ED260 /* Doubling_SeasonApp.swift in Sources */,
			);
			runOnlyForDeploymentPostprocessing = 0;
		};
		CBBCDA852C0FA491000ED260 /* Sources */ = {
			isa = PBXSourcesBuildPhase;
			buildActionMask = 2147483647;
			files = (
				CBBCDA8E2C0FA491000ED260 /* Doubling_SeasonTests.swift in Sources */,
			);
			runOnlyForDeploymentPostprocessing = 0;
		};
		CBBCDA8F2C0FA491000ED260 /* Sources */ = {
			isa = PBXSourcesBuildPhase;
			buildActionMask = 2147483647;
			files = (
				CBBCDA982C0FA491000ED260 /* Doubling_SeasonUITests.swift in Sources */,
				CBBCDA9A2C0FA491000ED260 /* Doubling_SeasonUITestsLaunchTests.swift in Sources */,
			);
			runOnlyForDeploymentPostprocessing = 0;
		};
/* End PBXSourcesBuildPhase section */

/* Begin PBXTargetDependency section */
		CBBCDA8B2C0FA491000ED260 /* PBXTargetDependency */ = {
			isa = PBXTargetDependency;
			target = CBBCDA752C0FA48F000ED260 /* Doubling Season */;
			targetProxy = CBBCDA8A2C0FA491000ED260 /* PBXContainerItemProxy */;
		};
		CBBCDA952C0FA491000ED260 /* PBXTargetDependency */ = {
			isa = PBXTargetDependency;
			target = CBBCDA752C0FA48F000ED260 /* Doubling Season */;
			targetProxy = CBBCDA942C0FA491000ED260 /* PBXContainerItemProxy */;
		};
/* End PBXTargetDependency section */

/* Begin XCBuildConfiguration section */
		CBBCDA9B2C0FA491000ED260 /* Debug */ = {
			isa = XCBuildConfiguration;
			buildSettings = {
				ALWAYS_SEARCH_USER_PATHS = NO;
				ASSETCATALOG_COMPILER_GENERATE_SWIFT_ASSET_SYMBOL_EXTENSIONS = YES;
				CLANG_ANALYZER_NONNULL = YES;
				CLANG_ANALYZER_NUMBER_OBJECT_CONVERSION = YES_AGGRESSIVE;
				CLANG_CXX_LANGUAGE_STANDARD = "gnu++20";
				CLANG_ENABLE_MODULES = YES;
				CLANG_ENABLE_OBJC_ARC = YES;
				CLANG_ENABLE_OBJC_WEAK = YES;
				CLANG_WARN_BLOCK_CAPTURE_AUTORELEASING = YES;
				CLANG_WARN_BOOL_CONVERSION = YES;
				CLANG_WARN_COMMA = YES;
				CLANG_WARN_CONSTANT_CONVERSION = YES;
				CLANG_WARN_DEPRECATED_OBJC_IMPLEMENTATIONS = YES;
				CLANG_WARN_DIRECT_OBJC_ISA_USAGE = YES_ERROR;
				CLANG_WARN_DOCUMENTATION_COMMENTS = YES;
				CLANG_WARN_EMPTY_BODY = YES;
				CLANG_WARN_ENUM_CONVERSION = YES;
				CLANG_WARN_INFINITE_RECURSION = YES;
				CLANG_WARN_INT_CONVERSION = YES;
				CLANG_WARN_NON_LITERAL_NULL_CONVERSION = YES;
				CLANG_WARN_OBJC_IMPLICIT_RETAIN_SELF = YES;
				CLANG_WARN_OBJC_LITERAL_CONVERSION = YES;
				CLANG_WARN_OBJC_ROOT_CLASS = YES_ERROR;
				CLANG_WARN_QUOTED_INCLUDE_IN_FRAMEWORK_HEADER = YES;
				CLANG_WARN_RANGE_LOOP_ANALYSIS = YES;
				CLANG_WARN_STRICT_PROTOTYPES = YES;
				CLANG_WARN_SUSPICIOUS_MOVE = YES;
				CLANG_WARN_UNGUARDED_AVAILABILITY = YES_AGGRESSIVE;
				CLANG_WARN_UNREACHABLE_CODE = YES;
				CLANG_WARN__DUPLICATE_METHOD_MATCH = YES;
				COPY_PHASE_STRIP = NO;
				DEAD_CODE_STRIPPING = YES;
				DEBUG_INFORMATION_FORMAT = dwarf;
				ENABLE_STRICT_OBJC_MSGSEND = YES;
				ENABLE_TESTABILITY = YES;
				ENABLE_USER_SCRIPT_SANDBOXING = YES;
				GCC_C_LANGUAGE_STANDARD = gnu17;
				GCC_DYNAMIC_NO_PIC = NO;
				GCC_NO_COMMON_BLOCKS = YES;
				GCC_OPTIMIZATION_LEVEL = 0;
				GCC_PREPROCESSOR_DEFINITIONS = (
					"DEBUG=1",
					"$(inherited)",
				);
				GCC_WARN_64_TO_32_BIT_CONVERSION = YES;
				GCC_WARN_ABOUT_RETURN_TYPE = YES_ERROR;
				GCC_WARN_UNDECLARED_SELECTOR = YES;
				GCC_WARN_UNINITIALIZED_AUTOS = YES_AGGRESSIVE;
				GCC_WARN_UNUSED_FUNCTION = YES;
				GCC_WARN_UNUSED_VARIABLE = YES;
				LOCALIZATION_PREFERS_STRING_CATALOGS = YES;
				MTL_ENABLE_DEBUG_INFO = INCLUDE_SOURCE;
				MTL_FAST_MATH = YES;
				ONLY_ACTIVE_ARCH = YES;
				SWIFT_ACTIVE_COMPILATION_CONDITIONS = "DEBUG $(inherited)";
				SWIFT_OPTIMIZATION_LEVEL = "-Onone";
			};
			name = Debug;
		};
		CBBCDA9C2C0FA491000ED260 /* Release */ = {
			isa = XCBuildConfiguration;
			buildSettings = {
				ALWAYS_SEARCH_USER_PATHS = NO;
				ASSETCATALOG_COMPILER_GENERATE_SWIFT_ASSET_SYMBOL_EXTENSIONS = YES;
				CLANG_ANALYZER_NONNULL = YES;
				CLANG_ANALYZER_NUMBER_OBJECT_CONVERSION = YES_AGGRESSIVE;
				CLANG_CXX_LANGUAGE_STANDARD = "gnu++20";
				CLANG_ENABLE_MODULES = YES;
				CLANG_ENABLE_OBJC_ARC = YES;
				CLANG_ENABLE_OBJC_WEAK = YES;
				CLANG_WARN_BLOCK_CAPTURE_AUTORELEASING = YES;
				CLANG_WARN_BOOL_CONVERSION = YES;
				CLANG_WARN_COMMA = YES;
				CLANG_WARN_CONSTANT_CONVERSION = YES;
				CLANG_WARN_DEPRECATED_OBJC_IMPLEMENTATIONS = YES;
				CLANG_WARN_DIRECT_OBJC_ISA_USAGE = YES_ERROR;
				CLANG_WARN_DOCUMENTATION_COMMENTS = YES;
				CLANG_WARN_EMPTY_BODY = YES;
				CLANG_WARN_ENUM_CONVERSION = YES;
				CLANG_WARN_INFINITE_RECURSION = YES;
				CLANG_WARN_INT_CONVERSION = YES;
				CLANG_WARN_NON_LITERAL_NULL_CONVERSION = YES;
				CLANG_WARN_OBJC_IMPLICIT_RETAIN_SELF = YES;
				CLANG_WARN_OBJC_LITERAL_CONVERSION = YES;
				CLANG_WARN_OBJC_ROOT_CLASS = YES_ERROR;
				CLANG_WARN_QUOTED_INCLUDE_IN_FRAMEWORK_HEADER = YES;
				CLANG_WARN_RANGE_LOOP_ANALYSIS = YES;
				CLANG_WARN_STRICT_PROTOTYPES = YES;
				CLANG_WARN_SUSPICIOUS_MOVE = YES;
				CLANG_WARN_UNGUARDED_AVAILABILITY = YES_AGGRESSIVE;
				CLANG_WARN_UNREACHABLE_CODE = YES;
				CLANG_WARN__DUPLICATE_METHOD_MATCH = YES;
				COPY_PHASE_STRIP = NO;
				DEAD_CODE_STRIPPING = YES;
				DEBUG_INFORMATION_FORMAT = "dwarf-with-dsym";
				ENABLE_NS_ASSERTIONS = NO;
				ENABLE_STRICT_OBJC_MSGSEND = YES;
				ENABLE_USER_SCRIPT_SANDBOXING = YES;
				GCC_C_LANGUAGE_STANDARD = gnu17;
				GCC_NO_COMMON_BLOCKS = YES;
				GCC_WARN_64_TO_32_BIT_CONVERSION = YES;
				GCC_WARN_ABOUT_RETURN_TYPE = YES_ERROR;
				GCC_WARN_UNDECLARED_SELECTOR = YES;
				GCC_WARN_UNINITIALIZED_AUTOS = YES_AGGRESSIVE;
				GCC_WARN_UNUSED_FUNCTION = YES;
				GCC_WARN_UNUSED_VARIABLE = YES;
				LOCALIZATION_PREFERS_STRING_CATALOGS = YES;
				MTL_ENABLE_DEBUG_INFO = NO;
				MTL_FAST_MATH = YES;
				SWIFT_COMPILATION_MODE = wholemodule;
			};
			name = Release;
		};
		CBBCDA9E2C0FA491000ED260 /* Debug */ = {
			isa = XCBuildConfiguration;
			buildSettings = {
				ASSETCATALOG_COMPILER_APPICON_NAME = AppIcon;
				ASSETCATALOG_COMPILER_GLOBAL_ACCENT_COLOR_NAME = AccentColor;
				CODE_SIGN_ENTITLEMENTS = "Doubling Season/Doubling_Season.entitlements";
				CODE_SIGN_STYLE = Automatic;
				CURRENT_PROJECT_VERSION = 1;
				DEAD_CODE_STRIPPING = YES;
				DEVELOPMENT_ASSET_PATHS = "\"Doubling Season/Preview Content\"";
				DEVELOPMENT_TEAM = 84W8Q8DV3S;
				ENABLE_HARDENED_RUNTIME = YES;
				ENABLE_PREVIEWS = YES;
				GENERATE_INFOPLIST_FILE = YES;
				INFOPLIST_KEY_CFBundleDisplayName = "Doubling Season";
				INFOPLIST_KEY_LSApplicationCategoryType = "public.app-category.card-games";
				"INFOPLIST_KEY_UIApplicationSceneManifest_Generation[sdk=iphoneos*]" = YES;
				"INFOPLIST_KEY_UIApplicationSceneManifest_Generation[sdk=iphonesimulator*]" = YES;
				"INFOPLIST_KEY_UIApplicationSupportsIndirectInputEvents[sdk=iphoneos*]" = YES;
				"INFOPLIST_KEY_UIApplicationSupportsIndirectInputEvents[sdk=iphonesimulator*]" = YES;
				"INFOPLIST_KEY_UILaunchScreen_Generation[sdk=iphoneos*]" = YES;
				"INFOPLIST_KEY_UILaunchScreen_Generation[sdk=iphonesimulator*]" = YES;
				INFOPLIST_KEY_UIStatusBarStyle = "";
				"INFOPLIST_KEY_UIStatusBarStyle[sdk=iphoneos*]" = UIStatusBarStyleDefault;
				"INFOPLIST_KEY_UIStatusBarStyle[sdk=iphonesimulator*]" = UIStatusBarStyleDefault;
				INFOPLIST_KEY_UISupportedInterfaceOrientations_iPad = "UIInterfaceOrientationPortrait UIInterfaceOrientationPortraitUpsideDown UIInterfaceOrientationLandscapeLeft UIInterfaceOrientationLandscapeRight";
				INFOPLIST_KEY_UISupportedInterfaceOrientations_iPhone = "UIInterfaceOrientationPortrait UIInterfaceOrientationLandscapeLeft UIInterfaceOrientationLandscapeRight";
				IPHONEOS_DEPLOYMENT_TARGET = 17.2;
				LD_RUNPATH_SEARCH_PATHS = "@executable_path/Frameworks";
				"LD_RUNPATH_SEARCH_PATHS[sdk=macosx*]" = "@executable_path/../Frameworks";
				MACOSX_DEPLOYMENT_TARGET = 14.0;
				MARKETING_VERSION = 1.0;
				PRODUCT_BUNDLE_IDENTIFIER = "LooseTie.Doubling-Season";
				PRODUCT_NAME = "$(TARGET_NAME)";
				SDKROOT = auto;
				SUPPORTED_PLATFORMS = "iphoneos iphonesimulator";
				SUPPORTS_MACCATALYST = NO;
				SWIFT_EMIT_LOC_STRINGS = YES;
				SWIFT_VERSION = 5.0;
				TARGETED_DEVICE_FAMILY = 1;
			};
			name = Debug;
		};
		CBBCDA9F2C0FA491000ED260 /* Release */ = {
			isa = XCBuildConfiguration;
			buildSettings = {
				ASSETCATALOG_COMPILER_APPICON_NAME = AppIcon;
				ASSETCATALOG_COMPILER_GLOBAL_ACCENT_COLOR_NAME = AccentColor;
				CODE_SIGN_ENTITLEMENTS = "Doubling Season/Doubling_Season.entitlements";
				CODE_SIGN_STYLE = Automatic;
				CURRENT_PROJECT_VERSION = 1;
				DEAD_CODE_STRIPPING = YES;
				DEVELOPMENT_ASSET_PATHS = "\"Doubling Season/Preview Content\"";
				DEVELOPMENT_TEAM = 84W8Q8DV3S;
				ENABLE_HARDENED_RUNTIME = YES;
				ENABLE_PREVIEWS = YES;
				GENERATE_INFOPLIST_FILE = YES;
				INFOPLIST_KEY_CFBundleDisplayName = "Doubling Season";
				INFOPLIST_KEY_LSApplicationCategoryType = "public.app-category.card-games";
				"INFOPLIST_KEY_UIApplicationSceneManifest_Generation[sdk=iphoneos*]" = YES;
				"INFOPLIST_KEY_UIApplicationSceneManifest_Generation[sdk=iphonesimulator*]" = YES;
				"INFOPLIST_KEY_UIApplicationSupportsIndirectInputEvents[sdk=iphoneos*]" = YES;
				"INFOPLIST_KEY_UIApplicationSupportsIndirectInputEvents[sdk=iphonesimulator*]" = YES;
				"INFOPLIST_KEY_UILaunchScreen_Generation[sdk=iphoneos*]" = YES;
				"INFOPLIST_KEY_UILaunchScreen_Generation[sdk=iphonesimulator*]" = YES;
				INFOPLIST_KEY_UIStatusBarStyle = "";
				"INFOPLIST_KEY_UIStatusBarStyle[sdk=iphoneos*]" = UIStatusBarStyleDefault;
				"INFOPLIST_KEY_UIStatusBarStyle[sdk=iphonesimulator*]" = UIStatusBarStyleDefault;
				INFOPLIST_KEY_UISupportedInterfaceOrientations_iPad = "UIInterfaceOrientationPortrait UIInterfaceOrientationPortraitUpsideDown UIInterfaceOrientationLandscapeLeft UIInterfaceOrientationLandscapeRight";
				INFOPLIST_KEY_UISupportedInterfaceOrientations_iPhone = "UIInterfaceOrientationPortrait UIInterfaceOrientationLandscapeLeft UIInterfaceOrientationLandscapeRight";
				IPHONEOS_DEPLOYMENT_TARGET = 17.2;
				LD_RUNPATH_SEARCH_PATHS = "@executable_path/Frameworks";
				"LD_RUNPATH_SEARCH_PATHS[sdk=macosx*]" = "@executable_path/../Frameworks";
				MACOSX_DEPLOYMENT_TARGET = 14.0;
				MARKETING_VERSION = 1.0;
				PRODUCT_BUNDLE_IDENTIFIER = "LooseTie.Doubling-Season";
				PRODUCT_NAME = "$(TARGET_NAME)";
				SDKROOT = auto;
				SUPPORTED_PLATFORMS = "iphoneos iphonesimulator";
				SUPPORTS_MACCATALYST = NO;
				SWIFT_EMIT_LOC_STRINGS = YES;
				SWIFT_VERSION = 5.0;
				TARGETED_DEVICE_FAMILY = 1;
			};
			name = Release;
		};
		CBBCDAA12C0FA491000ED260 /* Debug */ = {
			isa = XCBuildConfiguration;
			buildSettings = {
				ALWAYS_EMBED_SWIFT_STANDARD_LIBRARIES = YES;
				BUNDLE_LOADER = "$(TEST_HOST)";
				CODE_SIGN_STYLE = Automatic;
				CURRENT_PROJECT_VERSION = 1;
				DEAD_CODE_STRIPPING = YES;
				DEVELOPMENT_TEAM = 84W8Q8DV3S;
				GENERATE_INFOPLIST_FILE = YES;
				IPHONEOS_DEPLOYMENT_TARGET = 17.2;
				MACOSX_DEPLOYMENT_TARGET = 13.6;
				MARKETING_VERSION = 1.0;
				PRODUCT_BUNDLE_IDENTIFIER = "LooseTie.Doubling-SeasonTests";
				PRODUCT_NAME = "$(TARGET_NAME)";
				SDKROOT = auto;
				SUPPORTED_PLATFORMS = "iphoneos iphonesimulator";
				SUPPORTS_MACCATALYST = NO;
				SWIFT_EMIT_LOC_STRINGS = NO;
				SWIFT_VERSION = 5.0;
				TARGETED_DEVICE_FAMILY = 1;
				TEST_HOST = "$(BUILT_PRODUCTS_DIR)/Doubling Season.app/$(BUNDLE_EXECUTABLE_FOLDER_PATH)/Doubling Season";
			};
			name = Debug;
		};
		CBBCDAA22C0FA491000ED260 /* Release */ = {
			isa = XCBuildConfiguration;
			buildSettings = {
				ALWAYS_EMBED_SWIFT_STANDARD_LIBRARIES = YES;
				BUNDLE_LOADER = "$(TEST_HOST)";
				CODE_SIGN_STYLE = Automatic;
				CURRENT_PROJECT_VERSION = 1;
				DEAD_CODE_STRIPPING = YES;
				DEVELOPMENT_TEAM = 84W8Q8DV3S;
				GENERATE_INFOPLIST_FILE = YES;
				IPHONEOS_DEPLOYMENT_TARGET = 17.2;
				MACOSX_DEPLOYMENT_TARGET = 13.6;
				MARKETING_VERSION = 1.0;
				PRODUCT_BUNDLE_IDENTIFIER = "LooseTie.Doubling-SeasonTests";
				PRODUCT_NAME = "$(TARGET_NAME)";
				SDKROOT = auto;
				SUPPORTED_PLATFORMS = "iphoneos iphonesimulator";
				SUPPORTS_MACCATALYST = NO;
				SWIFT_EMIT_LOC_STRINGS = NO;
				SWIFT_VERSION = 5.0;
				TARGETED_DEVICE_FAMILY = 1;
				TEST_HOST = "$(BUILT_PRODUCTS_DIR)/Doubling Season.app/$(BUNDLE_EXECUTABLE_FOLDER_PATH)/Doubling Season";
			};
			name = Release;
		};
		CBBCDAA42C0FA491000ED260 /* Debug */ = {
			isa = XCBuildConfiguration;
			buildSettings = {
				ALWAYS_EMBED_SWIFT_STANDARD_LIBRARIES = YES;
				CODE_SIGN_STYLE = Automatic;
				CURRENT_PROJECT_VERSION = 1;
				DEAD_CODE_STRIPPING = YES;
				DEVELOPMENT_TEAM = 84W8Q8DV3S;
				GENERATE_INFOPLIST_FILE = YES;
				IPHONEOS_DEPLOYMENT_TARGET = 17.2;
				MACOSX_DEPLOYMENT_TARGET = 13.6;
				MARKETING_VERSION = 1.0;
				PRODUCT_BUNDLE_IDENTIFIER = "LooseTie.Doubling-SeasonUITests";
				PRODUCT_NAME = "$(TARGET_NAME)";
				SDKROOT = auto;
				SUPPORTED_PLATFORMS = "iphoneos iphonesimulator";
				SUPPORTS_MACCATALYST = NO;
				SWIFT_EMIT_LOC_STRINGS = NO;
				SWIFT_VERSION = 5.0;
				TARGETED_DEVICE_FAMILY = 1;
				TEST_TARGET_NAME = "Doubling Season";
			};
			name = Debug;
		};
		CBBCDAA52C0FA491000ED260 /* Release */ = {
			isa = XCBuildConfiguration;
			buildSettings = {
				ALWAYS_EMBED_SWIFT_STANDARD_LIBRARIES = YES;
				CODE_SIGN_STYLE = Automatic;
				CURRENT_PROJECT_VERSION = 1;
				DEAD_CODE_STRIPPING = YES;
				DEVELOPMENT_TEAM = 84W8Q8DV3S;
				GENERATE_INFOPLIST_FILE = YES;
				IPHONEOS_DEPLOYMENT_TARGET = 17.2;
				MACOSX_DEPLOYMENT_TARGET = 13.6;
				MARKETING_VERSION = 1.0;
				PRODUCT_BUNDLE_IDENTIFIER = "LooseTie.Doubling-SeasonUITests";
				PRODUCT_NAME = "$(TARGET_NAME)";
				SDKROOT = auto;
				SUPPORTED_PLATFORMS = "iphoneos iphonesimulator";
				SUPPORTS_MACCATALYST = NO;
				SWIFT_EMIT_LOC_STRINGS = NO;
				SWIFT_VERSION = 5.0;
				TARGETED_DEVICE_FAMILY = 1;
				TEST_TARGET_NAME = "Doubling Season";
			};
			name = Release;
		};
/* End XCBuildConfiguration section */

/* Begin XCConfigurationList section */
		CBBCDA712C0FA48F000ED260 /* Build configuration list for PBXProject "Doubling Season" */ = {
			isa = XCConfigurationList;
			buildConfigurations = (
				CBBCDA9B2C0FA491000ED260 /* Debug */,
				CBBCDA9C2C0FA491000ED260 /* Release */,
			);
			defaultConfigurationIsVisible = 0;
			defaultConfigurationName = Release;
		};
		CBBCDA9D2C0FA491000ED260 /* Build configuration list for PBXNativeTarget "Doubling Season" */ = {
			isa = XCConfigurationList;
			buildConfigurations = (
				CBBCDA9E2C0FA491000ED260 /* Debug */,
				CBBCDA9F2C0FA491000ED260 /* Release */,
			);
			defaultConfigurationIsVisible = 0;
			defaultConfigurationName = Release;
		};
		CBBCDAA02C0FA491000ED260 /* Build configuration list for PBXNativeTarget "Doubling SeasonTests" */ = {
			isa = XCConfigurationList;
			buildConfigurations = (
				CBBCDAA12C0FA491000ED260 /* Debug */,
				CBBCDAA22C0FA491000ED260 /* Release */,
			);
			defaultConfigurationIsVisible = 0;
			defaultConfigurationName = Release;
		};
		CBBCDAA32C0FA491000ED260 /* Build configuration list for PBXNativeTarget "Doubling SeasonUITests" */ = {
			isa = XCConfigurationList;
			buildConfigurations = (
				CBBCDAA42C0FA491000ED260 /* Debug */,
				CBBCDAA52C0FA491000ED260 /* Release */,
			);
			defaultConfigurationIsVisible = 0;
			defaultConfigurationName = Release;
		};
/* End XCConfigurationList section */
	};
	rootObject = CBBCDA6E2C0FA48F000ED260 /* Project object */;
}
